// !$*UTF8*$!
{
	archiveVersion = 1;
	classes = {
	};
	objectVersion = 48;
	objects = {

/* Begin PBXBuildFile section */
		3F3006901F8A0FF600E9CA6B /* MockTableData.swift in Sources */ = {isa = PBXBuildFile; fileRef = 3F30068F1F8A0FF600E9CA6B /* MockTableData.swift */; };
		3FDE05621F8A0B6F0030C88D /* AppDelegate.swift in Sources */ = {isa = PBXBuildFile; fileRef = 3FDE05611F8A0B6F0030C88D /* AppDelegate.swift */; };
		3FDE05641F8A0B6F0030C88D /* ViewController.swift in Sources */ = {isa = PBXBuildFile; fileRef = 3FDE05631F8A0B6F0030C88D /* ViewController.swift */; };
		3FDE05661F8A0B6F0030C88D /* Assets.xcassets in Resources */ = {isa = PBXBuildFile; fileRef = 3FDE05651F8A0B6F0030C88D /* Assets.xcassets */; };
		3FDE05691F8A0B6F0030C88D /* Main.storyboard in Resources */ = {isa = PBXBuildFile; fileRef = 3FDE05671F8A0B6F0030C88D /* Main.storyboard */; };
/* End PBXBuildFile section */

/* Begin PBXFileReference section */
		3F30068F1F8A0FF600E9CA6B /* MockTableData.swift */ = {isa = PBXFileReference; lastKnownFileType = sourcecode.swift; path = MockTableData.swift; sourceTree = "<group>"; };
		3FDE055E1F8A0B6F0030C88D /* VibrancyTest.app */ = {isa = PBXFileReference; explicitFileType = wrapper.application; includeInIndex = 0; path = VibrancyTest.app; sourceTree = BUILT_PRODUCTS_DIR; };
		3FDE05611F8A0B6F0030C88D /* AppDelegate.swift */ = {isa = PBXFileReference; lastKnownFileType = sourcecode.swift; path = AppDelegate.swift; sourceTree = "<group>"; };
		3FDE05631F8A0B6F0030C88D /* ViewController.swift */ = {isa = PBXFileReference; lastKnownFileType = sourcecode.swift; path = ViewController.swift; sourceTree = "<group>"; };
		3FDE05651F8A0B6F0030C88D /* Assets.xcassets */ = {isa = PBXFileReference; lastKnownFileType = folder.assetcatalog; path = Assets.xcassets; sourceTree = "<group>"; };
		3FDE05681F8A0B6F0030C88D /* Base */ = {isa = PBXFileReference; lastKnownFileType = file.storyboard; name = Base; path = Base.lproj/Main.storyboard; sourceTree = "<group>"; };
		3FDE056A1F8A0B6F0030C88D /* Info.plist */ = {isa = PBXFileReference; lastKnownFileType = text.plist.xml; path = Info.plist; sourceTree = "<group>"; };
		3FDE056B1F8A0B6F0030C88D /* VibrancyTest.entitlements */ = {isa = PBXFileReference; lastKnownFileType = text.plist.entitlements; path = VibrancyTest.entitlements; sourceTree = "<group>"; };
/* End PBXFileReference section */

/* Begin PBXFrameworksBuildPhase section */
		3FDE055B1F8A0B6F0030C88D /* Frameworks */ = {
			isa = PBXFrameworksBuildPhase;
			buildActionMask = 2147483647;
			files = (
			);
			runOnlyForDeploymentPostprocessing = 0;
		};
/* End PBXFrameworksBuildPhase section */

/* Begin PBXGroup section */
		3FDE05551F8A0B6F0030C88D = {
			isa = PBXGroup;
			children = (
				3FDE05601F8A0B6F0030C88D /* VibrancyTest */,
				3FDE055F1F8A0B6F0030C88D /* Products */,
			);
			sourceTree = "<group>";
		};
		3FDE055F1F8A0B6F0030C88D /* Products */ = {
			isa = PBXGroup;
			children = (
				3FDE055E1F8A0B6F0030C88D /* VibrancyTest.app */,
			);
			name = Products;
			sourceTree = "<group>";
		};
		3FDE05601F8A0B6F0030C88D /* VibrancyTest */ = {
			isa = PBXGroup;
			children = (
				3FDE05611F8A0B6F0030C88D /* AppDelegate.swift */,
				3FDE05631F8A0B6F0030C88D /* ViewController.swift */,
				3F30068F1F8A0FF600E9CA6B /* MockTableData.swift */,
				3FDE05651F8A0B6F0030C88D /* Assets.xcassets */,
				3FDE05671F8A0B6F0030C88D /* Main.storyboard */,
				3FDE056A1F8A0B6F0030C88D /* Info.plist */,
				3FDE056B1F8A0B6F0030C88D /* VibrancyTest.entitlements */,
			);
			path = VibrancyTest;
			sourceTree = "<group>";
		};
/* End PBXGroup section */

/* Begin PBXNativeTarget section */
		3FDE055D1F8A0B6F0030C88D /* VibrancyTest */ = {
			isa = PBXNativeTarget;
			buildConfigurationList = 3FDE056E1F8A0B6F0030C88D /* Build configuration list for PBXNativeTarget "VibrancyTest" */;
			buildPhases = (
				3FDE055A1F8A0B6F0030C88D /* Sources */,
				3FDE055B1F8A0B6F0030C88D /* Frameworks */,
				3FDE055C1F8A0B6F0030C88D /* Resources */,
			);
			buildRules = (
			);
			dependencies = (
			);
			name = VibrancyTest;
			productName = VibrancyTest;
			productReference = 3FDE055E1F8A0B6F0030C88D /* VibrancyTest.app */;
			productType = "com.apple.product-type.application";
		};
/* End PBXNativeTarget section */

/* Begin PBXProject section */
		3FDE05561F8A0B6F0030C88D /* Project object */ = {
			isa = PBXProject;
			attributes = {
				LastSwiftUpdateCheck = 0900;
				LastUpgradeCheck = 0900;
				ORGANIZATIONNAME = Pyrolyse;
				TargetAttributes = {
					3FDE055D1F8A0B6F0030C88D = {
						CreatedOnToolsVersion = 9.0;
						ProvisioningStyle = Automatic;
						SystemCapabilities = {
							com.apple.Sandbox = {
								enabled = 0;
							};
						};
					};
				};
			};
			buildConfigurationList = 3FDE05591F8A0B6F0030C88D /* Build configuration list for PBXProject "VibrancyTest" */;
			compatibilityVersion = "Xcode 8.0";
			developmentRegion = en;
			hasScannedForEncodings = 0;
			knownRegions = (
				en,
				Base,
			);
			mainGroup = 3FDE05551F8A0B6F0030C88D;
			productRefGroup = 3FDE055F1F8A0B6F0030C88D /* Products */;
			projectDirPath = "";
			projectRoot = "";
			targets = (
				3FDE055D1F8A0B6F0030C88D /* VibrancyTest */,
			);
		};
/* End PBXProject section */

/* Begin PBXResourcesBuildPhase section */
		3FDE055C1F8A0B6F0030C88D /* Resources */ = {
			isa = PBXResourcesBuildPhase;
			buildActionMask = 2147483647;
			files = (
				3FDE05661F8A0B6F0030C88D /* Assets.xcassets in Resources */,
				3FDE05691F8A0B6F0030C88D /* Main.storyboard in Resources */,
			);
			runOnlyForDeploymentPostprocessing = 0;
		};
/* End PBXResourcesBuildPhase section */

/* Begin PBXSourcesBuildPhase section */
		3FDE055A1F8A0B6F0030C88D /* Sources */ = {
			isa = PBXSourcesBuildPhase;
			buildActionMask = 2147483647;
			files = (
				3F3006901F8A0FF600E9CA6B /* MockTableData.swift in Sources */,
				3FDE05641F8A0B6F0030C88D /* ViewController.swift in Sources */,
				3FDE05621F8A0B6F0030C88D /* AppDelegate.swift in Sources */,
			);
			runOnlyForDeploymentPostprocessing = 0;
		};
/* End PBXSourcesBuildPhase section */

/* Begin PBXVariantGroup section */
		3FDE05671F8A0B6F0030C88D /* Main.storyboard */ = {
			isa = PBXVariantGroup;
			children = (
				3FDE05681F8A0B6F0030C88D /* Base */,
			);
			name = Main.storyboard;
			sourceTree = "<group>";
		};
/* End PBXVariantGroup section */

/* Begin XCBuildConfiguration section */
		3FDE056C1F8A0B6F0030C88D /* Debug */ = {
			isa = XCBuildConfiguration;
			buildSettings = {
				ALWAYS_SEARCH_USER_PATHS = NO;
				CLANG_ANALYZER_NONNULL = YES;
				CLANG_ANALYZER_NUMBER_OBJECT_CONVERSION = YES_AGGRESSIVE;
				CLANG_CXX_LANGUAGE_STANDARD = "gnu++14";
				CLANG_CXX_LIBRARY = "libc++";
				CLANG_ENABLE_MODULES = YES;
				CLANG_ENABLE_OBJC_ARC = YES;
				CLANG_WARN_BLOCK_CAPTURE_AUTORELEASING = YES;
				CLANG_WARN_BOOL_CONVERSION = YES;
				CLANG_WARN_COMMA = YES;
				CLANG_WARN_CONSTANT_CONVERSION = YES;
				CLANG_WARN_DIRECT_OBJC_ISA_USAGE = YES_ERROR;
				CLANG_WARN_DOCUMENTATION_COMMENTS = YES;
				CLANG_WARN_EMPTY_BODY = YES;
				CLANG_WARN_ENUM_CONVERSION = YES;
				CLANG_WARN_INFINITE_RECURSION = YES;
				CLANG_WARN_INT_CONVERSION = YES;
				CLANG_WARN_NON_LITERAL_NULL_CONVERSION = YES;
				CLANG_WARN_OBJC_LITERAL_CONVERSION = YES;
				CLANG_WARN_OBJC_ROOT_CLASS = YES_ERROR;
				CLANG_WARN_RANGE_LOOP_ANALYSIS = YES;
				CLANG_WARN_STRICT_PROTOTYPES = YES;
				CLANG_WARN_SUSPICIOUS_MOVE = YES;
				CLANG_WARN_UNGUARDED_AVAILABILITY = YES_AGGRESSIVE;
				CLANG_WARN_UNREACHABLE_CODE = YES;
				CLANG_WARN__DUPLICATE_METHOD_MATCH = YES;
				CODE_SIGN_IDENTITY = "Mac Developer";
				COPY_PHASE_STRIP = NO;
				DEBUG_INFORMATION_FORMAT = dwarf;
				ENABLE_STRICT_OBJC_MSGSEND = YES;
				ENABLE_TESTABILITY = YES;
				GCC_C_LANGUAGE_STANDARD = gnu11;
				GCC_DYNAMIC_NO_PIC = NO;
				GCC_NO_COMMON_BLOCKS = YES;
				GCC_OPTIMIZATION_LEVEL = 0;
				GCC_PREPROCESSOR_DEFINITIONS = (
					"DEBUG=1",
					"$(inherited)",
				);
				GCC_WARN_64_TO_32_BIT_CONVERSION = YES;
				GCC_WARN_ABOUT_RETURN_TYPE = YES_ERROR;
				GCC_WARN_UNDECLARED_SELECTOR = YES;
				GCC_WARN_UNINITIALIZED_AUTOS = YES_AGGRESSIVE;
				GCC_WARN_UNUSED_FUNCTION = YES;
				GCC_WARN_UNUSED_VARIABLE = YES;
				MACOSX_DEPLOYMENT_TARGET = 10.13;
				MTL_ENABLE_DEBUG_INFO = YES;
				ONLY_ACTIVE_ARCH = YES;
				SDKROOT = macosx;
				SWIFT_ACTIVE_COMPILATION_CONDITIONS = DEBUG;
				SWIFT_OPTIMIZATION_LEVEL = "-Onone";
			};
			name = Debug;
		};
		3FDE056D1F8A0B6F0030C88D /* Release */ = {
			isa = XCBuildConfiguration;
			buildSettings = {
				ALWAYS_SEARCH_USER_PATHS = NO;
				CLANG_ANALYZER_NONNULL = YES;
				CLANG_ANALYZER_NUMBER_OBJECT_CONVERSION = YES_AGGRESSIVE;
				CLANG_CXX_LANGUAGE_STANDARD = "gnu++14";
				CLANG_CXX_LIBRARY = "libc++";
				CLANG_ENABLE_MODULES = YES;
				CLANG_ENABLE_OBJC_ARC = YES;
				CLANG_WARN_BLOCK_CAPTURE_AUTORELEASING = YES;
				CLANG_WARN_BOOL_CONVERSION = YES;
				CLANG_WARN_COMMA = YES;
				CLANG_WARN_CONSTANT_CONVERSION = YES;
				CLANG_WARN_DIRECT_OBJC_ISA_USAGE = YES_ERROR;
				CLANG_WARN_DOCUMENTATION_COMMENTS = YES;
				CLANG_WARN_EMPTY_BODY = YES;
				CLANG_WARN_ENUM_CONVERSION = YES;
				CLANG_WARN_INFINITE_RECURSION = YES;
				CLANG_WARN_INT_CONVERSION = YES;
				CLANG_WARN_NON_LITERAL_NULL_CONVERSION = YES;
				CLANG_WARN_OBJC_LITERAL_CONVERSION = YES;
				CLANG_WARN_OBJC_ROOT_CLASS = YES_ERROR;
				CLANG_WARN_RANGE_LOOP_ANALYSIS = YES;
				CLANG_WARN_STRICT_PROTOTYPES = YES;
				CLANG_WARN_SUSPICIOUS_MOVE = YES;
				CLANG_WARN_UNGUARDED_AVAILABILITY = YES_AGGRESSIVE;
				CLANG_WARN_UNREACHABLE_CODE = YES;
				CLANG_WARN__DUPLICATE_METHOD_MATCH = YES;
				CODE_SIGN_IDENTITY = "Mac Developer";
				COPY_PHASE_STRIP = NO;
				DEBUG_INFORMATION_FORMAT = "dwarf-with-dsym";
				ENABLE_NS_ASSERTIONS = NO;
				ENABLE_STRICT_OBJC_MSGSEND = YES;
				GCC_C_LANGUAGE_STANDARD = gnu11;
				GCC_NO_COMMON_BLOCKS = YES;
				GCC_WARN_64_TO_32_BIT_CONVERSION = YES;
				GCC_WARN_ABOUT_RETURN_TYPE = YES_ERROR;
				GCC_WARN_UNDECLARED_SELECTOR = YES;
				GCC_WARN_UNINITIALIZED_AUTOS = YES_AGGRESSIVE;
				GCC_WARN_UNUSED_FUNCTION = YES;
				GCC_WARN_UNUSED_VARIABLE = YES;
				MACOSX_DEPLOYMENT_TARGET = 10.13;
				MTL_ENABLE_DEBUG_INFO = NO;
				SDKROOT = macosx;
				SWIFT_OPTIMIZATION_LEVEL = "-Owholemodule";
			};
			name = Release;
		};
		3FDE056F1F8A0B6F0030C88D /* Debug */ = {
			isa = XCBuildConfiguration;
			buildSettings = {
				ARCHS = "$(ARCHS_STANDARD)";
				ASSETCATALOG_COMPILER_APPICON_NAME = AppIcon;
				CODE_SIGN_IDENTITY = "Mac Developer";
				CODE_SIGN_STYLE = Automatic;
				COMBINE_HIDPI_IMAGES = YES;
				DEVELOPMENT_TEAM = "";
				INFOPLIST_FILE = VibrancyTest/Info.plist;
				LD_RUNPATH_SEARCH_PATHS = "$(inherited) @executable_path/../Frameworks";
				MACOSX_DEPLOYMENT_TARGET = 10.13;
				PRODUCT_BUNDLE_IDENTIFIER = com.pyrolyse.VibrancyTest;
				PRODUCT_NAME = "$(TARGET_NAME)";
				PROVISIONING_PROFILE_SPECIFIER = "";
				SWIFT_VERSION = 4.0;
			};
			name = Debug;
		};
		3FDE05701F8A0B6F0030C88D /* Release */ = {
			isa = XCBuildConfiguration;
			buildSettings = {
				ARCHS = "$(ARCHS_STANDARD)";
				ASSETCATALOG_COMPILER_APPICON_NAME = AppIcon;
				CODE_SIGN_IDENTITY = "Mac Developer";
				CODE_SIGN_STYLE = Automatic;
				COMBINE_HIDPI_IMAGES = YES;
				DEVELOPMENT_TEAM = "";
				INFOPLIST_FILE = VibrancyTest/Info.plist;
				LD_RUNPATH_SEARCH_PATHS = "$(inherited) @executable_path/../Frameworks";
				MACOSX_DEPLOYMENT_TARGET = 10.13;
				PRODUCT_BUNDLE_IDENTIFIER = com.pyrolyse.VibrancyTest;
				PRODUCT_NAME = "$(TARGET_NAME)";
				PROVISIONING_PROFILE_SPECIFIER = "";
				SWIFT_VERSION = 4.0;
			};
			name = Release;
		};
/* End XCBuildConfiguration section */

/* Begin XCConfigurationList section */
		3FDE05591F8A0B6F0030C88D /* Build configuration list for PBXProject "VibrancyTest" */ = {
			isa = XCConfigurationList;
			buildConfigurations = (
				3FDE056C1F8A0B6F0030C88D /* Debug */,
				3FDE056D1F8A0B6F0030C88D /* Release */,
			);
			defaultConfigurationIsVisible = 0;
			defaultConfigurationName = Release;
		};
		3FDE056E1F8A0B6F0030C88D /* Build configuration list for PBXNativeTarget "VibrancyTest" */ = {
			isa = XCConfigurationList;
			buildConfigurations = (
				3FDE056F1F8A0B6F0030C88D /* Debug */,
				3FDE05701F8A0B6F0030C88D /* Release */,
			);
			defaultConfigurationIsVisible = 0;
			defaultConfigurationName = Release;
		};
/* End XCConfigurationList section */
	};
	rootObject = 3FDE05561F8A0B6F0030C88D /* Project object */;
}
